{
  "name": "flowcast",
  "version": "0.6.0",
  "lockfileVersion": 3,
  "requires": true,
  "packages": {
    "": {
      "name": "flowcast",
      "version": "0.6.0",
      "license": "MIT",
      "dependencies": {
        "agentproc": "^0.10.1"
      },
      "bin": {
        "fc": "bin/flowcast.js",
        "flowc": "bin/flowcast.js",
        "flowcast": "bin/flowcast.js",
        "flowx": "bin/flowcast.js"
      },
      "engines": {
        "node": ">=20"
      }
    },
    "node_modules/agentproc": {
      "version": "0.10.1",
      "resolved": "https://registry.npmjs.org/agentproc/-/agentproc-0.10.1.tgz",
      "integrity": "sha512-/w9QEjipciIGn/DpMRAiMmq2pVqZxbqQWkPJP4LSN4mVxDIoJFLWpQ9k9IlIVjO00W5jSGF7ez00SbQFfGKGSQ==",
      "license": "MIT",
      "dependencies": {
        "js-yaml": "^5.2.1"
      },
      "bin": {
        "agentproc": "src/cli.js"
      },
      "engines": {
        "node": ">=18"
      }
    },
    "node_modules/argparse": {
      "version": "2.0.1",
      "resolved": "https://registry.npmjs.org/argparse/-/argparse-2.0.1.tgz",
      "integrity": "sha512-8+9WqebbFzpX9OR+Wa6O29asIogeRMzcGtAINdpMHHyAg10f05aSFVBbcEqGf/PXw1EjAZ+q2/bEBg3DvurK3Q==",
      "license": "Python-2.0"
    },
    "node_modules/js-yaml": {
      "version": "5.2.1",
      "resolved": "https://registry.npmjs.org/js-yaml/-/js-yaml-5.2.1.tgz",
      "integrity": "sha512-zfLtNfQqxVqq3uaTqSkh4x4hZw3KHobGUA0fJUj4wawW8bsQLTVqpHdXSIzidh7o+4lEW36tANuAGdaFx6Zgnw==",
      "funding": [
        {
          "type": "github",
          "url": "https://github.com/sponsors/puzrin"
        },
        {
          "type": "github",
          "url": "https://github.com/sponsors/nodeca"
        }
      ],
      "license": "MIT",
      "dependencies": {
        "argparse": "^2.0.1"
      },
      "bin": {
        "js-yaml": "bin/js-yaml.mjs"
      }
    }
  }
}
