{
  "name": "flowcast",
  "version": "0.6.0",
  "lockfileVersion": 3,
  "requires": true,
  "packages": {
    "": {
      "name": "flowcast",
      "version": "0.6.0",
      "license": "MIT",
      "dependencies": {
        "agentproc": "^0.10.0"
      },
      "bin": {
        "fc": "bin/flowcast.js",
        "flowc": "bin/flowcast.js",
        "flowcast": "bin/flowcast.js",
        "flowx": "bin/flowcast.js"
      },
      "engines": {
        "node": ">=20"
      }
    },
    "../agentproc/sdk/node": {
      "name": "agentproc",
      "version": "0.10.0",
      "license": "MIT",
      "dependencies": {
        "js-yaml": "^5.2.1"
      },
      "bin": {
        "agentproc": "src/cli.js"
      },
      "engines": {
        "node": ">=18"
      }
    },
    "node_modules/agentproc": {
      "resolved": "../agentproc/sdk/node",
      "link": true
    }
  }
}
